<Solution>
  <Project Path="TswapCli/TswapCli.csproj" />
  <Project Path="TswapCore/TswapCore.csproj" />
  <Project Path="TswapTests/TswapTests.csproj" />
  <Project Path="ConsoleIntercept/ConsoleIntercept.csproj" />
  <Project Path="ConsoleIntercept.Tests/ConsoleIntercept.Tests.csproj" />
</Solution>
